github.com/mattn/go-sqlite3 v1.14.27 h1:drZCnuvf37yPfs95E5jd9s3XhdVWLal+6BOK6qrv6IU=
github.com/mattn/go-sqlite3 v1.14.27/go.mod h1:Uh1q+B4BYcTPb+yiD3kU8Ct7aC0hY9fxUwlHK0RXw+Y=
gopkg.in/ini.v1 v1.67.0 h1:Dgnx+6+nfE+IfzjUEISNeydPJh9AXNNsWbGP9KzCsOA=
gopkg.in/ini.v1 v1.67.0/go.mod h1:pNLf8WUiyNEtQjuu5G5vTm06TEv9tsIgeAvK8hOrP4k=
